
Microsoft Visual Studio Solution File, Format Version 11.00
# Visual Studio 2010
Project("{FAE04EC0-301F-11D3-BF4B-00C04F79EFBC}") = "Go for it", "Assembly-CSharp.csproj", "{638F7C06-AD80-5960-8C1B-028DBCA7F625}"
EndProject
Project("{FAE04EC0-301F-11D3-BF4B-00C04F79EFBC}") = "Go for it", "Assembly-CSharp-Editor.csproj", "{D830FE19-631A-FB2F-AADC-29A83C41A1E5}"
EndProject
Global
	GlobalSection(SolutionConfigurationPlatforms) = preSolution
		Debug|Any CPU = Debug|Any CPU
		Release|Any CPU = Release|Any CPU
	EndGlobalSection
	GlobalSection(ProjectConfigurationPlatforms) = postSolution
		{638F7C06-AD80-5960-8C1B-028DBCA7F625}.Debug|Any CPU.ActiveCfg = Debug|Any CPU
		{638F7C06-AD80-5960-8C1B-028DBCA7F625}.Debug|Any CPU.Build.0 = Debug|Any CPU
		{638F7C06-AD80-5960-8C1B-028DBCA7F625}.Release|Any CPU.ActiveCfg = Release|Any CPU
		{638F7C06-AD80-5960-8C1B-028DBCA7F625}.Release|Any CPU.Build.0 = Release|Any CPU
		{D830FE19-631A-FB2F-AADC-29A83C41A1E5}.Debug|Any CPU.ActiveCfg = Debug|Any CPU
		{D830FE19-631A-FB2F-AADC-29A83C41A1E5}.Debug|Any CPU.Build.0 = Debug|Any CPU
		{D830FE19-631A-FB2F-AADC-29A83C41A1E5}.Release|Any CPU.ActiveCfg = Release|Any CPU
		{D830FE19-631A-FB2F-AADC-29A83C41A1E5}.Release|Any CPU.Build.0 = Release|Any CPU
	EndGlobalSection
	GlobalSection(SolutionProperties) = preSolution
		HideSolutionNode = FALSE
	EndGlobalSection
	GlobalSection(MonoDevelopProperties) = preSolution
		StartupItem = Assembly-CSharp.csproj
	EndGlobalSection
EndGlobal
